
Microsoft Visual Studio Solution File, Format Version 12.00
# Visual Studio 14
VisualStudioVersion = 14.0.23107.0
MinimumVisualStudioVersion = 10.0.40219.1
Project("{FAE04EC0-301F-11D3-BF4B-00C04F79EFBC}") = "JoinProto", "JoinProto\JoinProto.csproj", "{F8EF008C-7277-463B-A4AE-CDB8FEBDE413}"
EndProject
Project("{FAE04EC0-301F-11D3-BF4B-00C04F79EFBC}") = "JoinProto.Tests", "JoinProto.Tests\JoinProto.Tests.csproj", "{21BAEC07-0D3A-4411-B317-713EB5D43506}"
EndProject
Global
	GlobalSection(SolutionConfigurationPlatforms) = preSolution
		Debug|Any CPU = Debug|Any CPU
		Release|Any CPU = Release|Any CPU
	EndGlobalSection
	GlobalSection(ProjectConfigurationPlatforms) = postSolution
		{F8EF008C-7277-463B-A4AE-CDB8FEBDE413}.Debug|Any CPU.ActiveCfg = Debug|Any CPU
		{F8EF008C-7277-463B-A4AE-CDB8FEBDE413}.Debug|Any CPU.Build.0 = Debug|Any CPU
		{F8EF008C-7277-463B-A4AE-CDB8FEBDE413}.Release|Any CPU.ActiveCfg = Release|Any CPU
		{F8EF008C-7277-463B-A4AE-CDB8FEBDE413}.Release|Any CPU.Build.0 = Release|Any CPU
		{21BAEC07-0D3A-4411-B317-713EB5D43506}.Debug|Any CPU.ActiveCfg = Debug|Any CPU
		{21BAEC07-0D3A-4411-B317-713EB5D43506}.Debug|Any CPU.Build.0 = Debug|Any CPU
		{21BAEC07-0D3A-4411-B317-713EB5D43506}.Release|Any CPU.ActiveCfg = Release|Any CPU
		{21BAEC07-0D3A-4411-B317-713EB5D43506}.Release|Any CPU.Build.0 = Release|Any CPU
	EndGlobalSection
	GlobalSection(SolutionProperties) = preSolution
		HideSolutionNode = FALSE
	EndGlobalSection
EndGlobal
